
Microsoft Visual Studio Solution File, Format Version 12.00
# Visual Studio Version 17
VisualStudioVersion = 17.4.33110.190
MinimumVisualStudioVersion = 10.0.40219.1
Project("{FAE04EC0-301F-11D3-BF4B-00C04F79EFBC}") = "FindMaximumNumber", "FindMaximumNumber\FindMaximumNumber.csproj", "{648F4B8F-C6CE-4D5A-B4DE-1F0C7A29FF4D}"
EndProject
Global
	GlobalSection(SolutionConfigurationPlatforms) = preSolution
		Debug|Any CPU = Debug|Any CPU
		Release|Any CPU = Release|Any CPU
	EndGlobalSection
	GlobalSection(ProjectConfigurationPlatforms) = postSolution
		{648F4B8F-C6CE-4D5A-B4DE-1F0C7A29FF4D}.Debug|Any CPU.ActiveCfg = Debug|Any CPU
		{648F4B8F-C6CE-4D5A-B4DE-1F0C7A29FF4D}.Debug|Any CPU.Build.0 = Debug|Any CPU
		{648F4B8F-C6CE-4D5A-B4DE-1F0C7A29FF4D}.Release|Any CPU.ActiveCfg = Release|Any CPU
		{648F4B8F-C6CE-4D5A-B4DE-1F0C7A29FF4D}.Release|Any CPU.Build.0 = Release|Any CPU
	EndGlobalSection
	GlobalSection(SolutionProperties) = preSolution
		HideSolutionNode = FALSE
	EndGlobalSection
	GlobalSection(ExtensibilityGlobals) = postSolution
		SolutionGuid = {6D42930D-7B85-4615-BF56-9DA4631C6B1C}
	EndGlobalSection
EndGlobal
